<Solution Description="Visual Studio slnx file generated by Premake" Version="1.4">
  <Configurations>
    <BuildType Name="Debug" />
    <BuildType Name="Dist" />
    <BuildType Name="Release" />
    <Platform Name="x64" />
  </Configurations>
  <Project Path="Hazel\Hazel.vcxproj" Id="99294D0D-053E-75BE-CEBF-181E3A9371EF" DefaultStartup="true">
  </Project>
  <Folder Name="/Dependencies/">
    <Project Path="Hazel\vendor\Glad\Glad.vcxproj" Id="BDD6857C-A90D-870D-52FA-6C103E10030F">
    </Project>
    <Project Path="Hazel\vendor\GLFW\GLFW.vcxproj" Id="154B857C-0182-860D-AA6E-6C109684020F">
    </Project>
    <Project Path="Hazel\vendor\imgui\ImGui.vcxproj" Id="C0FF640D-2C14-8DBE-F595-301E616989EF">
    </Project>
    <Project Path="Hazel\vendor\NFD-Extended\NFD-Extended.vcxproj" Id="3B29D41F-278C-63C4-D011-9C7ABC532F47">
    </Project>
    <Project Path="vendor\premake\Premake.vcxproj" Id="6ACC3F23-D6AB-BEBE-DFC3-49954B222520">
    </Project>
    <Project Path="Hazel\vendor\yaml-cpp\yaml-cpp.vcxproj" Id="88F1A057-74BE-FB62-9DD7-E90A890331F1">
    </Project>
  </Folder>
</Solution>